
Microsoft Visual Studio Solution File, Format Version 12.00
# Visual Studio Version 17
VisualStudioVersion = 17.2.32516.85
MinimumVisualStudioVersion = 10.0.40219.1
Project("{9A19103F-16F7-4668-BE54-9A1E7A4F7556}") = "MonoProjekt.MVC", "MonoProjekt.MVC\MonoProjekt.MVC.csproj", "{16AA9C14-2CF4-477D-A0EF-A03892AD302E}"
EndProject
Project("{9A19103F-16F7-4668-BE54-9A1E7A4F7556}") = "MonoProjekt.Service", "MonoProjekt.Service\MonoProjekt.Service.csproj", "{FD678CEC-5F33-4482-AF0D-4F2787C55338}"
EndProject
Global
	GlobalSection(SolutionConfigurationPlatforms) = preSolution
		Debug|Any CPU = Debug|Any CPU
		Release|Any CPU = Release|Any CPU
	EndGlobalSection
	GlobalSection(ProjectConfigurationPlatforms) = postSolution
		{16AA9C14-2CF4-477D-A0EF-A03892AD302E}.Debug|Any CPU.ActiveCfg = Debug|Any CPU
		{16AA9C14-2CF4-477D-A0EF-A03892AD302E}.Debug|Any CPU.Build.0 = Debug|Any CPU
		{16AA9C14-2CF4-477D-A0EF-A03892AD302E}.Release|Any CPU.ActiveCfg = Release|Any CPU
		{16AA9C14-2CF4-477D-A0EF-A03892AD302E}.Release|Any CPU.Build.0 = Release|Any CPU
		{FD678CEC-5F33-4482-AF0D-4F2787C55338}.Debug|Any CPU.ActiveCfg = Debug|Any CPU
		{FD678CEC-5F33-4482-AF0D-4F2787C55338}.Debug|Any CPU.Build.0 = Debug|Any CPU
		{FD678CEC-5F33-4482-AF0D-4F2787C55338}.Release|Any CPU.ActiveCfg = Release|Any CPU
		{FD678CEC-5F33-4482-AF0D-4F2787C55338}.Release|Any CPU.Build.0 = Release|Any CPU
	EndGlobalSection
	GlobalSection(SolutionProperties) = preSolution
		HideSolutionNode = FALSE
	EndGlobalSection
	GlobalSection(ExtensibilityGlobals) = postSolution
		SolutionGuid = {92E70D0B-3F10-4E22-97B7-9ACCFF217AC6}
	EndGlobalSection
EndGlobal
